Microsoft Visual Studio Solution File, Format Version 12.00
# Visual Studio Version 16
VisualStudioVersion = 16.0.29806.167
MinimumVisualStudioVersion = 10.0.40219.1
Project("{9A19103F-16F7-4668-BE54-9A1E7A4F7556}") = "ManualUpbeatUISample", "ManualUpbeatUISample\ManualUpbeatUISample.csproj", "{193C74B2-6548-4526-827F-8E100B02FC67}"
EndProject
Project("{9A19103F-16F7-4668-BE54-9A1E7A4F7556}") = "UpbeatUI", "..\..\source\UpbeatUI\UpbeatUI.csproj", "{215353CD-FD80-44B5-9789-09164226F9B8}"
EndProject
Global
	GlobalSection(SolutionConfigurationPlatforms) = preSolution
		Debug|Any CPU = Debug|Any CPU
		Release|Any CPU = Release|Any CPU
	EndGlobalSection
	GlobalSection(ProjectConfigurationPlatforms) = postSolution
		{193C74B2-6548-4526-827F-8E100B02FC67}.Debug|Any CPU.ActiveCfg = Debug|Any CPU
		{193C74B2-6548-4526-827F-8E100B02FC67}.Debug|Any CPU.Build.0 = Debug|Any CPU
		{193C74B2-6548-4526-827F-8E100B02FC67}.Release|Any CPU.ActiveCfg = Release|Any CPU
		{193C74B2-6548-4526-827F-8E100B02FC67}.Release|Any CPU.Build.0 = Release|Any CPU
		{215353CD-FD80-44B5-9789-09164226F9B8}.Debug|Any CPU.ActiveCfg = Debug|Any CPU
		{215353CD-FD80-44B5-9789-09164226F9B8}.Debug|Any CPU.Build.0 = Debug|Any CPU
		{215353CD-FD80-44B5-9789-09164226F9B8}.Release|Any CPU.ActiveCfg = Release|Any CPU
		{215353CD-FD80-44B5-9789-09164226F9B8}.Release|Any CPU.Build.0 = Release|Any CPU
	EndGlobalSection
	GlobalSection(SolutionProperties) = preSolution
		HideSolutionNode = FALSE
	EndGlobalSection
	GlobalSection(ExtensibilityGlobals) = postSolution
		SolutionGuid = {34C136CB-419D-4941-94F3-CE53580BEDAC}
	EndGlobalSection
EndGlobal
